
Microsoft Visual Studio Solution File, Format Version 12.00
# Visual Studio 2012
Project("{FAE04EC0-301F-11D3-BF4B-00C04F79EFBC}") = "last fast- mang sys", "last fast- mang sys\last fast- mang sys.csproj", "{AB9A6C30-26B0-480A-A010-C00ADFABA456}"
EndProject
Global
	GlobalSection(SolutionConfigurationPlatforms) = preSolution
		Debug|Any CPU = Debug|Any CPU
		Release|Any CPU = Release|Any CPU
	EndGlobalSection
	GlobalSection(ProjectConfigurationPlatforms) = postSolution
		{AB9A6C30-26B0-480A-A010-C00ADFABA456}.Debug|Any CPU.ActiveCfg = Debug|Any CPU
		{AB9A6C30-26B0-480A-A010-C00ADFABA456}.Debug|Any CPU.Build.0 = Debug|Any CPU
		{AB9A6C30-26B0-480A-A010-C00ADFABA456}.Release|Any CPU.ActiveCfg = Release|Any CPU
		{AB9A6C30-26B0-480A-A010-C00ADFABA456}.Release|Any CPU.Build.0 = Release|Any CPU
	EndGlobalSection
	GlobalSection(SolutionProperties) = preSolution
		HideSolutionNode = FALSE
	EndGlobalSection
EndGlobal
